
Microsoft Visual Studio Solution File, Format Version 12.00
# Visual Studio 15
VisualStudioVersion = 15.0.28307.421
MinimumVisualStudioVersion = 10.0.40219.1
Project("{FAE04EC0-301F-11D3-BF4B-00C04F79EFBC}") = "TA_drill1_welcome_screen", "TA_drill1_welcome_screen\TA_drill1_welcome_screen.csproj", "{6C65CC80-DC2C-4420-B2AE-278E87B6A73E}"
EndProject
Global
	GlobalSection(SolutionConfigurationPlatforms) = preSolution
		Debug|Any CPU = Debug|Any CPU
		Release|Any CPU = Release|Any CPU
	EndGlobalSection
	GlobalSection(ProjectConfigurationPlatforms) = postSolution
		{6C65CC80-DC2C-4420-B2AE-278E87B6A73E}.Debug|Any CPU.ActiveCfg = Debug|Any CPU
		{6C65CC80-DC2C-4420-B2AE-278E87B6A73E}.Debug|Any CPU.Build.0 = Debug|Any CPU
		{6C65CC80-DC2C-4420-B2AE-278E87B6A73E}.Release|Any CPU.ActiveCfg = Release|Any CPU
		{6C65CC80-DC2C-4420-B2AE-278E87B6A73E}.Release|Any CPU.Build.0 = Release|Any CPU
	EndGlobalSection
	GlobalSection(SolutionProperties) = preSolution
		HideSolutionNode = FALSE
	EndGlobalSection
	GlobalSection(ExtensibilityGlobals) = postSolution
		SolutionGuid = {D005E963-3132-4BEA-949E-8B1A6C5C728B}
	EndGlobalSection
EndGlobal
