
Microsoft Visual Studio Solution File, Format Version 12.00
# Visual Studio 15
VisualStudioVersion = 15.0.28307.421
MinimumVisualStudioVersion = 10.0.40219.1
Project("{FAE04EC0-301F-11D3-BF4B-00C04F79EFBC}") = "Do_While_Drill", "Do_While_Drill\Do_While_Drill.csproj", "{6DB0EE46-71CE-48D7-96AB-4C527FDEECA4}"
EndProject
Global
	GlobalSection(SolutionConfigurationPlatforms) = preSolution
		Debug|Any CPU = Debug|Any CPU
		Release|Any CPU = Release|Any CPU
	EndGlobalSection
	GlobalSection(ProjectConfigurationPlatforms) = postSolution
		{6DB0EE46-71CE-48D7-96AB-4C527FDEECA4}.Debug|Any CPU.ActiveCfg = Debug|Any CPU
		{6DB0EE46-71CE-48D7-96AB-4C527FDEECA4}.Debug|Any CPU.Build.0 = Debug|Any CPU
		{6DB0EE46-71CE-48D7-96AB-4C527FDEECA4}.Release|Any CPU.ActiveCfg = Release|Any CPU
		{6DB0EE46-71CE-48D7-96AB-4C527FDEECA4}.Release|Any CPU.Build.0 = Release|Any CPU
	EndGlobalSection
	GlobalSection(SolutionProperties) = preSolution
		HideSolutionNode = FALSE
	EndGlobalSection
	GlobalSection(ExtensibilityGlobals) = postSolution
		SolutionGuid = {CD5A0455-532B-4CF7-9873-29E14887697F}
	EndGlobalSection
EndGlobal
